// !$*UTF8*$!
{
	archiveVersion = 1;
	classes = {
	};
	objectVersion = 55;
	objects = {

/* Begin PBXBuildFile section */
		C7BF706A28686C7000D865A8 /* AppDelegate.swift in Sources */ = {isa = PBXBuildFile; fileRef = C7BF706928686C7000D865A8 /* AppDelegate.swift */; };
		C7BF706C28686C7000D865A8 /* SceneDelegate.swift in Sources */ = {isa = PBXBuildFile; fileRef = C7BF706B28686C7000D865A8 /* SceneDelegate.swift */; };
		C7BF706E28686C7000D865A8 /* HomeViewController.swift in Sources */ = {isa = PBXBuildFile; fileRef = C7BF706D28686C7000D865A8 /* HomeViewController.swift */; };
		C7BF707328686C7100D865A8 /* Assets.xcassets in Resources */ = {isa = PBXBuildFile; fileRef = C7BF707228686C7100D865A8 /* Assets.xcassets */; };
		C7BF707628686C7100D865A8 /* LaunchScreen.storyboard in Resources */ = {isa = PBXBuildFile; fileRef = C7BF707428686C7100D865A8 /* LaunchScreen.storyboard */; };
		C7BF709E28687E2F00D865A8 /* DayWeatherCell.swift in Sources */ = {isa = PBXBuildFile; fileRef = C7BF709D28687E2F00D865A8 /* DayWeatherCell.swift */; };
		C7BF70CF28689B8700D865A8 /* KingsCode in Frameworks */ = {isa = PBXBuildFile; productRef = C7BF70CE28689B8700D865A8 /* KingsCode */; };
		C7BF70D12868A26F00D865A8 /* ByHourItem.swift in Sources */ = {isa = PBXBuildFile; fileRef = C7BF70D02868A26F00D865A8 /* ByHourItem.swift */; };
		C7BF70D32869740100D865A8 /* WeekWeatherCell.swift in Sources */ = {isa = PBXBuildFile; fileRef = C7BF70D22869740100D865A8 /* WeekWeatherCell.swift */; };
		C7BF70D6286976F400D865A8 /* ByDayItem.swift in Sources */ = {isa = PBXBuildFile; fileRef = C7BF70D5286976F400D865A8 /* ByDayItem.swift */; };
		C7BF70DA2869AFF300D865A8 /* MenuViewController.swift in Sources */ = {isa = PBXBuildFile; fileRef = C7BF70D92869AFF300D865A8 /* MenuViewController.swift */; };
		C7BF70DE2869B5DE00D865A8 /* ContainerViewController.swift in Sources */ = {isa = PBXBuildFile; fileRef = C7BF70DD2869B5DE00D865A8 /* ContainerViewController.swift */; };
		C7BF70E12869BDC300D865A8 /* LocationCell.swift in Sources */ = {isa = PBXBuildFile; fileRef = C7BF70E02869BDC300D865A8 /* LocationCell.swift */; };
/* End PBXBuildFile section */

/* Begin PBXFileReference section */
		C7BF706628686C7000D865A8 /* WeatherApp.app */ = {isa = PBXFileReference; explicitFileType = wrapper.application; includeInIndex = 0; path = WeatherApp.app; sourceTree = BUILT_PRODUCTS_DIR; };
		C7BF706928686C7000D865A8 /* AppDelegate.swift */ = {isa = PBXFileReference; lastKnownFileType = sourcecode.swift; path = AppDelegate.swift; sourceTree = "<group>"; };
		C7BF706B28686C7000D865A8 /* SceneDelegate.swift */ = {isa = PBXFileReference; lastKnownFileType = sourcecode.swift; path = SceneDelegate.swift; sourceTree = "<group>"; };
		C7BF706D28686C7000D865A8 /* HomeViewController.swift */ = {isa = PBXFileReference; lastKnownFileType = sourcecode.swift; path = HomeViewController.swift; sourceTree = "<group>"; };
		C7BF707228686C7100D865A8 /* Assets.xcassets */ = {isa = PBXFileReference; lastKnownFileType = folder.assetcatalog; path = Assets.xcassets; sourceTree = "<group>"; };
		C7BF707528686C7100D865A8 /* Base */ = {isa = PBXFileReference; lastKnownFileType = file.storyboard; name = Base; path = Base.lproj/LaunchScreen.storyboard; sourceTree = "<group>"; };
		C7BF707728686C7100D865A8 /* Info.plist */ = {isa = PBXFileReference; lastKnownFileType = text.plist.xml; path = Info.plist; sourceTree = "<group>"; };
		C7BF709D28687E2F00D865A8 /* DayWeatherCell.swift */ = {isa = PBXFileReference; lastKnownFileType = sourcecode.swift; path = DayWeatherCell.swift; sourceTree = "<group>"; };
		C7BF70D02868A26F00D865A8 /* ByHourItem.swift */ = {isa = PBXFileReference; lastKnownFileType = sourcecode.swift; path = ByHourItem.swift; sourceTree = "<group>"; };
		C7BF70D22869740100D865A8 /* WeekWeatherCell.swift */ = {isa = PBXFileReference; lastKnownFileType = sourcecode.swift; path = WeekWeatherCell.swift; sourceTree = "<group>"; };
		C7BF70D5286976F400D865A8 /* ByDayItem.swift */ = {isa = PBXFileReference; lastKnownFileType = sourcecode.swift; path = ByDayItem.swift; sourceTree = "<group>"; };
		C7BF70D92869AFF300D865A8 /* MenuViewController.swift */ = {isa = PBXFileReference; lastKnownFileType = sourcecode.swift; path = MenuViewController.swift; sourceTree = "<group>"; };
		C7BF70DD2869B5DE00D865A8 /* ContainerViewController.swift */ = {isa = PBXFileReference; lastKnownFileType = sourcecode.swift; path = ContainerViewController.swift; sourceTree = "<group>"; };
		C7BF70E02869BDC300D865A8 /* LocationCell.swift */ = {isa = PBXFileReference; lastKnownFileType = sourcecode.swift; path = LocationCell.swift; sourceTree = "<group>"; };
/* End PBXFileReference section */

/* Begin PBXFrameworksBuildPhase section */
		C7BF706328686C7000D865A8 /* Frameworks */ = {
			isa = PBXFrameworksBuildPhase;
			buildActionMask = 2147483647;
			files = (
				C7BF70CF28689B8700D865A8 /* KingsCode in Frameworks */,
			);
			runOnlyForDeploymentPostprocessing = 0;
		};
/* End PBXFrameworksBuildPhase section */

/* Begin PBXGroup section */
		C7BF705D28686C7000D865A8 = {
			isa = PBXGroup;
			children = (
				C7BF706828686C7000D865A8 /* WeatherApp */,
				C7BF706728686C7000D865A8 /* Products */,
			);
			sourceTree = "<group>";
		};
		C7BF706728686C7000D865A8 /* Products */ = {
			isa = PBXGroup;
			children = (
				C7BF706628686C7000D865A8 /* WeatherApp.app */,
			);
			name = Products;
			sourceTree = "<group>";
		};
		C7BF706828686C7000D865A8 /* WeatherApp */ = {
			isa = PBXGroup;
			children = (
				C7BF706928686C7000D865A8 /* AppDelegate.swift */,
				C7BF706B28686C7000D865A8 /* SceneDelegate.swift */,
				C7BF70DD2869B5DE00D865A8 /* ContainerViewController.swift */,
				C7BF70DF2869BD8D00D865A8 /* menu */,
				C7BF70D42869744F00D865A8 /* home */,
				C7BF707228686C7100D865A8 /* Assets.xcassets */,
				C7BF707428686C7100D865A8 /* LaunchScreen.storyboard */,
				C7BF707728686C7100D865A8 /* Info.plist */,
			);
			path = WeatherApp;
			sourceTree = "<group>";
		};
		C7BF70D42869744F00D865A8 /* home */ = {
			isa = PBXGroup;
			children = (
				C7BF706D28686C7000D865A8 /* HomeViewController.swift */,
				C7BF709D28687E2F00D865A8 /* DayWeatherCell.swift */,
				C7BF70D02868A26F00D865A8 /* ByHourItem.swift */,
				C7BF70D22869740100D865A8 /* WeekWeatherCell.swift */,
				C7BF70D5286976F400D865A8 /* ByDayItem.swift */,
			);
			path = home;
			sourceTree = "<group>";
		};
		C7BF70DF2869BD8D00D865A8 /* menu */ = {
			isa = PBXGroup;
			children = (
				C7BF70D92869AFF300D865A8 /* MenuViewController.swift */,
				C7BF70E02869BDC300D865A8 /* LocationCell.swift */,
			);
			path = menu;
			sourceTree = "<group>";
		};
/* End PBXGroup section */

/* Begin PBXNativeTarget section */
		C7BF706528686C7000D865A8 /* WeatherApp */ = {
			isa = PBXNativeTarget;
			buildConfigurationList = C7BF707A28686C7100D865A8 /* Build configuration list for PBXNativeTarget "WeatherApp" */;
			buildPhases = (
				C7BF706228686C7000D865A8 /* Sources */,
				C7BF706328686C7000D865A8 /* Frameworks */,
				C7BF706428686C7000D865A8 /* Resources */,
			);
			buildRules = (
			);
			dependencies = (
			);
			name = WeatherApp;
			packageProductDependencies = (
				C7BF70CE28689B8700D865A8 /* KingsCode */,
			);
			productName = WeatherApp;
			productReference = C7BF706628686C7000D865A8 /* WeatherApp.app */;
			productType = "com.apple.product-type.application";
		};
/* End PBXNativeTarget section */

/* Begin PBXProject section */
		C7BF705E28686C7000D865A8 /* Project object */ = {
			isa = PBXProject;
			attributes = {
				BuildIndependentTargetsInParallel = 1;
				LastSwiftUpdateCheck = 1340;
				LastUpgradeCheck = 1340;
				TargetAttributes = {
					C7BF706528686C7000D865A8 = {
						CreatedOnToolsVersion = 13.4;
					};
				};
			};
			buildConfigurationList = C7BF706128686C7000D865A8 /* Build configuration list for PBXProject "WeatherApp" */;
			compatibilityVersion = "Xcode 13.0";
			developmentRegion = en;
			hasScannedForEncodings = 0;
			knownRegions = (
				en,
				Base,
			);
			mainGroup = C7BF705D28686C7000D865A8;
			packageReferences = (
				C7BF70CD28689B8700D865A8 /* XCRemoteSwiftPackageReference "kings-code" */,
			);
			productRefGroup = C7BF706728686C7000D865A8 /* Products */;
			projectDirPath = "";
			projectRoot = "";
			targets = (
				C7BF706528686C7000D865A8 /* WeatherApp */,
			);
		};
/* End PBXProject section */

/* Begin PBXResourcesBuildPhase section */
		C7BF706428686C7000D865A8 /* Resources */ = {
			isa = PBXResourcesBuildPhase;
			buildActionMask = 2147483647;
			files = (
				C7BF707628686C7100D865A8 /* LaunchScreen.storyboard in Resources */,
				C7BF707328686C7100D865A8 /* Assets.xcassets in Resources */,
			);
			runOnlyForDeploymentPostprocessing = 0;
		};
/* End PBXResourcesBuildPhase section */

/* Begin PBXSourcesBuildPhase section */
		C7BF706228686C7000D865A8 /* Sources */ = {
			isa = PBXSourcesBuildPhase;
			buildActionMask = 2147483647;
			files = (
				C7BF706E28686C7000D865A8 /* HomeViewController.swift in Sources */,
				C7BF709E28687E2F00D865A8 /* DayWeatherCell.swift in Sources */,
				C7BF70D32869740100D865A8 /* WeekWeatherCell.swift in Sources */,
				C7BF70D12868A26F00D865A8 /* ByHourItem.swift in Sources */,
				C7BF706A28686C7000D865A8 /* AppDelegate.swift in Sources */,
				C7BF706C28686C7000D865A8 /* SceneDelegate.swift in Sources */,
				C7BF70E12869BDC300D865A8 /* LocationCell.swift in Sources */,
				C7BF70D6286976F400D865A8 /* ByDayItem.swift in Sources */,
				C7BF70DE2869B5DE00D865A8 /* ContainerViewController.swift in Sources */,
				C7BF70DA2869AFF300D865A8 /* MenuViewController.swift in Sources */,
			);
			runOnlyForDeploymentPostprocessing = 0;
		};
/* End PBXSourcesBuildPhase section */

/* Begin PBXVariantGroup section */
		C7BF707428686C7100D865A8 /* LaunchScreen.storyboard */ = {
			isa = PBXVariantGroup;
			children = (
				C7BF707528686C7100D865A8 /* Base */,
			);
			name = LaunchScreen.storyboard;
			sourceTree = "<group>";
		};
/* End PBXVariantGroup section */

/* Begin XCBuildConfiguration section */
		C7BF707828686C7100D865A8 /* Debug */ = {
			isa = XCBuildConfiguration;
			buildSettings = {
				ALWAYS_SEARCH_USER_PATHS = NO;
				CLANG_ANALYZER_NONNULL = YES;
				CLANG_ANALYZER_NUMBER_OBJECT_CONVERSION = YES_AGGRESSIVE;
				CLANG_CXX_LANGUAGE_STANDARD = "gnu++17";
				CLANG_ENABLE_MODULES = YES;
				CLANG_ENABLE_OBJC_ARC = YES;
				CLANG_ENABLE_OBJC_WEAK = YES;
				CLANG_WARN_BLOCK_CAPTURE_AUTORELEASING = YES;
				CLANG_WARN_BOOL_CONVERSION = YES;
				CLANG_WARN_COMMA = YES;
				CLANG_WARN_CONSTANT_CONVERSION = YES;
				CLANG_WARN_DEPRECATED_OBJC_IMPLEMENTATIONS = YES;
				CLANG_WARN_DIRECT_OBJC_ISA_USAGE = YES_ERROR;
				CLANG_WARN_DOCUMENTATION_COMMENTS = YES;
				CLANG_WARN_EMPTY_BODY = YES;
				CLANG_WARN_ENUM_CONVERSION = YES;
				CLANG_WARN_INFINITE_RECURSION = YES;
				CLANG_WARN_INT_CONVERSION = YES;
				CLANG_WARN_NON_LITERAL_NULL_CONVERSION = YES;
				CLANG_WARN_OBJC_IMPLICIT_RETAIN_SELF = YES;
				CLANG_WARN_OBJC_LITERAL_CONVERSION = YES;
				CLANG_WARN_OBJC_ROOT_CLASS = YES_ERROR;
				CLANG_WARN_QUOTED_INCLUDE_IN_FRAMEWORK_HEADER = YES;
				CLANG_WARN_RANGE_LOOP_ANALYSIS = YES;
				CLANG_WARN_STRICT_PROTOTYPES = YES;
				CLANG_WARN_SUSPICIOUS_MOVE = YES;
				CLANG_WARN_UNGUARDED_AVAILABILITY = YES_AGGRESSIVE;
				CLANG_WARN_UNREACHABLE_CODE = YES;
				CLANG_WARN__DUPLICATE_METHOD_MATCH = YES;
				COPY_PHASE_STRIP = NO;
				DEBUG_INFORMATION_FORMAT = dwarf;
				ENABLE_STRICT_OBJC_MSGSEND = YES;
				ENABLE_TESTABILITY = YES;
				GCC_C_LANGUAGE_STANDARD = gnu11;
				GCC_DYNAMIC_NO_PIC = NO;
				GCC_NO_COMMON_BLOCKS = YES;
				GCC_OPTIMIZATION_LEVEL = 0;
				GCC_PREPROCESSOR_DEFINITIONS = (
					"DEBUG=1",
					"$(inherited)",
				);
				GCC_WARN_64_TO_32_BIT_CONVERSION = YES;
				GCC_WARN_ABOUT_RETURN_TYPE = YES_ERROR;
				GCC_WARN_UNDECLARED_SELECTOR = YES;
				GCC_WARN_UNINITIALIZED_AUTOS = YES_AGGRESSIVE;
				GCC_WARN_UNUSED_FUNCTION = YES;
				GCC_WARN_UNUSED_VARIABLE = YES;
				IPHONEOS_DEPLOYMENT_TARGET = 15.5;
				MTL_ENABLE_DEBUG_INFO = INCLUDE_SOURCE;
				MTL_FAST_MATH = YES;
				ONLY_ACTIVE_ARCH = YES;
				SDKROOT = iphoneos;
				SWIFT_ACTIVE_COMPILATION_CONDITIONS = DEBUG;
				SWIFT_OPTIMIZATION_LEVEL = "-Onone";
			};
			name = Debug;
		};
		C7BF707928686C7100D865A8 /* Release */ = {
			isa = XCBuildConfiguration;
			buildSettings = {
				ALWAYS_SEARCH_USER_PATHS = NO;
				CLANG_ANALYZER_NONNULL = YES;
				CLANG_ANALYZER_NUMBER_OBJECT_CONVERSION = YES_AGGRESSIVE;
				CLANG_CXX_LANGUAGE_STANDARD = "gnu++17";
				CLANG_ENABLE_MODULES = YES;
				CLANG_ENABLE_OBJC_ARC = YES;
				CLANG_ENABLE_OBJC_WEAK = YES;
				CLANG_WARN_BLOCK_CAPTURE_AUTORELEASING = YES;
				CLANG_WARN_BOOL_CONVERSION = YES;
				CLANG_WARN_COMMA = YES;
				CLANG_WARN_CONSTANT_CONVERSION = YES;
				CLANG_WARN_DEPRECATED_OBJC_IMPLEMENTATIONS = YES;
				CLANG_WARN_DIRECT_OBJC_ISA_USAGE = YES_ERROR;
				CLANG_WARN_DOCUMENTATION_COMMENTS = YES;
				CLANG_WARN_EMPTY_BODY = YES;
				CLANG_WARN_ENUM_CONVERSION = YES;
				CLANG_WARN_INFINITE_RECURSION = YES;
				CLANG_WARN_INT_CONVERSION = YES;
				CLANG_WARN_NON_LITERAL_NULL_CONVERSION = YES;
				CLANG_WARN_OBJC_IMPLICIT_RETAIN_SELF = YES;
				CLANG_WARN_OBJC_LITERAL_CONVERSION = YES;
				CLANG_WARN_OBJC_ROOT_CLASS = YES_ERROR;
				CLANG_WARN_QUOTED_INCLUDE_IN_FRAMEWORK_HEADER = YES;
				CLANG_WARN_RANGE_LOOP_ANALYSIS = YES;
				CLANG_WARN_STRICT_PROTOTYPES = YES;
				CLANG_WARN_SUSPICIOUS_MOVE = YES;
				CLANG_WARN_UNGUARDED_AVAILABILITY = YES_AGGRESSIVE;
				CLANG_WARN_UNREACHABLE_CODE = YES;
				CLANG_WARN__DUPLICATE_METHOD_MATCH = YES;
				COPY_PHASE_STRIP = NO;
				DEBUG_INFORMATION_FORMAT = "dwarf-with-dsym";
				ENABLE_NS_ASSERTIONS = NO;
				ENABLE_STRICT_OBJC_MSGSEND = YES;
				GCC_C_LANGUAGE_STANDARD = gnu11;
				GCC_NO_COMMON_BLOCKS = YES;
				GCC_WARN_64_TO_32_BIT_CONVERSION = YES;
				GCC_WARN_ABOUT_RETURN_TYPE = YES_ERROR;
				GCC_WARN_UNDECLARED_SELECTOR = YES;
				GCC_WARN_UNINITIALIZED_AUTOS = YES_AGGRESSIVE;
				GCC_WARN_UNUSED_FUNCTION = YES;
				GCC_WARN_UNUSED_VARIABLE = YES;
				IPHONEOS_DEPLOYMENT_TARGET = 15.5;
				MTL_ENABLE_DEBUG_INFO = NO;
				MTL_FAST_MATH = YES;
				SDKROOT = iphoneos;
				SWIFT_COMPILATION_MODE = wholemodule;
				SWIFT_OPTIMIZATION_LEVEL = "-O";
				VALIDATE_PRODUCT = YES;
			};
			name = Release;
		};
		C7BF707B28686C7100D865A8 /* Debug */ = {
			isa = XCBuildConfiguration;
			buildSettings = {
				ASSETCATALOG_COMPILER_APPICON_NAME = AppIcon;
				ASSETCATALOG_COMPILER_GLOBAL_ACCENT_COLOR_NAME = AccentColor;
				CODE_SIGN_STYLE = Automatic;
				CURRENT_PROJECT_VERSION = 1;
				DEVELOPMENT_TEAM = 29P6TM855C;
				GENERATE_INFOPLIST_FILE = YES;
				INFOPLIST_FILE = WeatherApp/Info.plist;
				INFOPLIST_KEY_UIApplicationSupportsIndirectInputEvents = YES;
				INFOPLIST_KEY_UILaunchStoryboardName = LaunchScreen;
				INFOPLIST_KEY_UISupportedInterfaceOrientations_iPad = "UIInterfaceOrientationPortrait UIInterfaceOrientationPortraitUpsideDown UIInterfaceOrientationLandscapeLeft UIInterfaceOrientationLandscapeRight";
				INFOPLIST_KEY_UISupportedInterfaceOrientations_iPhone = "UIInterfaceOrientationPortrait UIInterfaceOrientationLandscapeLeft UIInterfaceOrientationLandscapeRight";
				LD_RUNPATH_SEARCH_PATHS = (
					"$(inherited)",
					"@executable_path/Frameworks",
				);
				MARKETING_VERSION = 1.0;
				PRODUCT_BUNDLE_IDENTIFIER = com.aliia.WeatherApp;
				PRODUCT_NAME = "$(TARGET_NAME)";
				SWIFT_EMIT_LOC_STRINGS = YES;
				SWIFT_VERSION = 5.0;
				TARGETED_DEVICE_FAMILY = "1,2";
			};
			name = Debug;
		};
		C7BF707C28686C7100D865A8 /* Release */ = {
			isa = XCBuildConfiguration;
			buildSettings = {
				ASSETCATALOG_COMPILER_APPICON_NAME = AppIcon;
				ASSETCATALOG_COMPILER_GLOBAL_ACCENT_COLOR_NAME = AccentColor;
				CODE_SIGN_STYLE = Automatic;
				CURRENT_PROJECT_VERSION = 1;
				DEVELOPMENT_TEAM = 29P6TM855C;
				GENERATE_INFOPLIST_FILE = YES;
				INFOPLIST_FILE = WeatherApp/Info.plist;
				INFOPLIST_KEY_UIApplicationSupportsIndirectInputEvents = YES;
				INFOPLIST_KEY_UILaunchStoryboardName = LaunchScreen;
				INFOPLIST_KEY_UISupportedInterfaceOrientations_iPad = "UIInterfaceOrientationPortrait UIInterfaceOrientationPortraitUpsideDown UIInterfaceOrientationLandscapeLeft UIInterfaceOrientationLandscapeRight";
				INFOPLIST_KEY_UISupportedInterfaceOrientations_iPhone = "UIInterfaceOrientationPortrait UIInterfaceOrientationLandscapeLeft UIInterfaceOrientationLandscapeRight";
				LD_RUNPATH_SEARCH_PATHS = (
					"$(inherited)",
					"@executable_path/Frameworks",
				);
				MARKETING_VERSION = 1.0;
				PRODUCT_BUNDLE_IDENTIFIER = com.aliia.WeatherApp;
				PRODUCT_NAME = "$(TARGET_NAME)";
				SWIFT_EMIT_LOC_STRINGS = YES;
				SWIFT_VERSION = 5.0;
				TARGETED_DEVICE_FAMILY = "1,2";
			};
			name = Release;
		};
/* End XCBuildConfiguration section */

/* Begin XCConfigurationList section */
		C7BF706128686C7000D865A8 /* Build configuration list for PBXProject "WeatherApp" */ = {
			isa = XCConfigurationList;
			buildConfigurations = (
				C7BF707828686C7100D865A8 /* Debug */,
				C7BF707928686C7100D865A8 /* Release */,
			);
			defaultConfigurationIsVisible = 0;
			defaultConfigurationName = Release;
		};
		C7BF707A28686C7100D865A8 /* Build configuration list for PBXNativeTarget "WeatherApp" */ = {
			isa = XCConfigurationList;
			buildConfigurations = (
				C7BF707B28686C7100D865A8 /* Debug */,
				C7BF707C28686C7100D865A8 /* Release */,
			);
			defaultConfigurationIsVisible = 0;
			defaultConfigurationName = Release;
		};
/* End XCConfigurationList section */

/* Begin XCRemoteSwiftPackageReference section */
		C7BF70CD28689B8700D865A8 /* XCRemoteSwiftPackageReference "kings-code" */ = {
			isa = XCRemoteSwiftPackageReference;
			repositoryURL = "https://github.com/asaidillaeva/kings-code.git";
			requirement = {
				branch = main;
				kind = branch;
			};
		};
/* End XCRemoteSwiftPackageReference section */

/* Begin XCSwiftPackageProductDependency section */
		C7BF70CE28689B8700D865A8 /* KingsCode */ = {
			isa = XCSwiftPackageProductDependency;
			package = C7BF70CD28689B8700D865A8 /* XCRemoteSwiftPackageReference "kings-code" */;
			productName = KingsCode;
		};
/* End XCSwiftPackageProductDependency section */
	};
	rootObject = C7BF705E28686C7000D865A8 /* Project object */;
}
